
Microsoft Visual Studio Solution File, Format Version 12.00
# Visual Studio Version 17
VisualStudioVersion = 17.0.31903.59
MinimumVisualStudioVersion = 10.0.40219.1
Project("{2150E333-8FDC-42A3-9474-1A3956D46DE8}") = "src", "src", "{827E0CD3-B72D-47B6-A68D-7590B98EB39B}"
EndProject
Project("{FAE04EC0-301F-11D3-BF4B-00C04F79EFBC}") = "GridPulse.Domain", "src\GridPulse.Domain\GridPulse.Domain.csproj", "{E16E63EF-F3C5-4DCF-9B0B-E8EE4B11A1BE}"
EndProject
Project("{FAE04EC0-301F-11D3-BF4B-00C04F79EFBC}") = "GridPulse.Application", "src\GridPulse.Application\GridPulse.Application.csproj", "{28D33DA1-C1D9-4611-AA25-65508DB19892}"
EndProject
Project("{FAE04EC0-301F-11D3-BF4B-00C04F79EFBC}") = "GridPulse.Infrastructure", "src\GridPulse.Infrastructure\GridPulse.Infrastructure.csproj", "{F0F291AE-A700-45FC-9846-C264F4270347}"
EndProject
Project("{FAE04EC0-301F-11D3-BF4B-00C04F79EFBC}") = "GridPulse.WebApi", "src\GridPulse.WebApi\GridPulse.WebApi.csproj", "{40BE2DCE-CA92-49C2-B114-1F2DBF5076D9}"
EndProject
Project("{2150E333-8FDC-42A3-9474-1A3956D46DE8}") = "GridPulse.Web", "GridPulse.Web", "{8C6C5EC1-15BC-F097-EBC4-699D26B6A99A}"
EndProject
Project("{FAE04EC0-301F-11D3-BF4B-00C04F79EFBC}") = "GridPulse.Web", "src\GridPulse.Web\GridPulse.Web\GridPulse.Web.csproj", "{B268E051-89EA-4B24-9BDC-9A09AA7F46B0}"
EndProject
Project("{FAE04EC0-301F-11D3-BF4B-00C04F79EFBC}") = "GridPulse.Web.Client", "src\GridPulse.Web\GridPulse.Web.Client\GridPulse.Web.Client.csproj", "{40B046EB-53F7-4C95-8F39-1A5518493A53}"
EndProject
Project("{FAE04EC0-301F-11D3-BF4B-00C04F79EFBC}") = "GridPulse.AppHost", "src\GridPulse.AppHost\GridPulse.AppHost.csproj", "{217E6070-93F9-4BF7-B91B-BE4647E0BD97}"
EndProject
Project("{FAE04EC0-301F-11D3-BF4B-00C04F79EFBC}") = "GridPulse.Tests.Unit", "src\GridPulse.Tests.Unit\GridPulse.Tests.Unit.csproj", "{D61F653C-C407-4761-9A15-2A1CC82476EF}"
EndProject
Global
	GlobalSection(SolutionConfigurationPlatforms) = preSolution
		Debug|Any CPU = Debug|Any CPU
		Debug|x64 = Debug|x64
		Debug|x86 = Debug|x86
		Release|Any CPU = Release|Any CPU
		Release|x64 = Release|x64
		Release|x86 = Release|x86
	EndGlobalSection
	GlobalSection(ProjectConfigurationPlatforms) = postSolution
		{E16E63EF-F3C5-4DCF-9B0B-E8EE4B11A1BE}.Debug|Any CPU.ActiveCfg = Debug|Any CPU
		{E16E63EF-F3C5-4DCF-9B0B-E8EE4B11A1BE}.Debug|Any CPU.Build.0 = Debug|Any CPU
		{E16E63EF-F3C5-4DCF-9B0B-E8EE4B11A1BE}.Debug|x64.ActiveCfg = Debug|Any CPU
		{E16E63EF-F3C5-4DCF-9B0B-E8EE4B11A1BE}.Debug|x64.Build.0 = Debug|Any CPU
		{E16E63EF-F3C5-4DCF-9B0B-E8EE4B11A1BE}.Debug|x86.ActiveCfg = Debug|Any CPU
		{E16E63EF-F3C5-4DCF-9B0B-E8EE4B11A1BE}.Debug|x86.Build.0 = Debug|Any CPU
		{E16E63EF-F3C5-4DCF-9B0B-E8EE4B11A1BE}.Release|Any CPU.ActiveCfg = Release|Any CPU
		{E16E63EF-F3C5-4DCF-9B0B-E8EE4B11A1BE}.Release|Any CPU.Build.0 = Release|Any CPU
		{E16E63EF-F3C5-4DCF-9B0B-E8EE4B11A1BE}.Release|x64.ActiveCfg = Release|Any CPU
		{E16E63EF-F3C5-4DCF-9B0B-E8EE4B11A1BE}.Release|x64.Build.0 = Release|Any CPU
		{E16E63EF-F3C5-4DCF-9B0B-E8EE4B11A1BE}.Release|x86.ActiveCfg = Release|Any CPU
		{E16E63EF-F3C5-4DCF-9B0B-E8EE4B11A1BE}.Release|x86.Build.0 = Release|Any CPU
		{28D33DA1-C1D9-4611-AA25-65508DB19892}.Debug|Any CPU.ActiveCfg = Debug|Any CPU
		{28D33DA1-C1D9-4611-AA25-65508DB19892}.Debug|Any CPU.Build.0 = Debug|Any CPU
		{28D33DA1-C1D9-4611-AA25-65508DB19892}.Debug|x64.ActiveCfg = Debug|Any CPU
		{28D33DA1-C1D9-4611-AA25-65508DB19892}.Debug|x64.Build.0 = Debug|Any CPU
		{28D33DA1-C1D9-4611-AA25-65508DB19892}.Debug|x86.ActiveCfg = Debug|Any CPU
		{28D33DA1-C1D9-4611-AA25-65508DB19892}.Debug|x86.Build.0 = Debug|Any CPU
		{28D33DA1-C1D9-4611-AA25-65508DB19892}.Release|Any CPU.ActiveCfg = Release|Any CPU
		{28D33DA1-C1D9-4611-AA25-65508DB19892}.Release|Any CPU.Build.0 = Release|Any CPU
		{28D33DA1-C1D9-4611-AA25-65508DB19892}.Release|x64.ActiveCfg = Release|Any CPU
		{28D33DA1-C1D9-4611-AA25-65508DB19892}.Release|x64.Build.0 = Release|Any CPU
		{28D33DA1-C1D9-4611-AA25-65508DB19892}.Release|x86.ActiveCfg = Release|Any CPU
		{28D33DA1-C1D9-4611-AA25-65508DB19892}.Release|x86.Build.0 = Release|Any CPU
		{F0F291AE-A700-45FC-9846-C264F4270347}.Debug|Any CPU.ActiveCfg = Debug|Any CPU
		{F0F291AE-A700-45FC-9846-C264F4270347}.Debug|Any CPU.Build.0 = Debug|Any CPU
		{F0F291AE-A700-45FC-9846-C264F4270347}.Debug|x64.ActiveCfg = Debug|Any CPU
		{F0F291AE-A700-45FC-9846-C264F4270347}.Debug|x64.Build.0 = Debug|Any CPU
		{F0F291AE-A700-45FC-9846-C264F4270347}.Debug|x86.ActiveCfg = Debug|Any CPU
		{F0F291AE-A700-45FC-9846-C264F4270347}.Debug|x86.Build.0 = Debug|Any CPU
		{F0F291AE-A700-45FC-9846-C264F4270347}.Release|Any CPU.ActiveCfg = Release|Any CPU
		{F0F291AE-A700-45FC-9846-C264F4270347}.Release|Any CPU.Build.0 = Release|Any CPU
		{F0F291AE-A700-45FC-9846-C264F4270347}.Release|x64.ActiveCfg = Release|Any CPU
		{F0F291AE-A700-45FC-9846-C264F4270347}.Release|x64.Build.0 = Release|Any CPU
		{F0F291AE-A700-45FC-9846-C264F4270347}.Release|x86.ActiveCfg = Release|Any CPU
		{F0F291AE-A700-45FC-9846-C264F4270347}.Release|x86.Build.0 = Release|Any CPU
		{40BE2DCE-CA92-49C2-B114-1F2DBF5076D9}.Debug|Any CPU.ActiveCfg = Debug|Any CPU
		{40BE2DCE-CA92-49C2-B114-1F2DBF5076D9}.Debug|Any CPU.Build.0 = Debug|Any CPU
		{40BE2DCE-CA92-49C2-B114-1F2DBF5076D9}.Debug|x64.ActiveCfg = Debug|Any CPU
		{40BE2DCE-CA92-49C2-B114-1F2DBF5076D9}.Debug|x64.Build.0 = Debug|Any CPU
		{40BE2DCE-CA92-49C2-B114-1F2DBF5076D9}.Debug|x86.ActiveCfg = Debug|Any CPU
		{40BE2DCE-CA92-49C2-B114-1F2DBF5076D9}.Debug|x86.Build.0 = Debug|Any CPU
		{40BE2DCE-CA92-49C2-B114-1F2DBF5076D9}.Release|Any CPU.ActiveCfg = Release|Any CPU
		{40BE2DCE-CA92-49C2-B114-1F2DBF5076D9}.Release|Any CPU.Build.0 = Release|Any CPU
		{40BE2DCE-CA92-49C2-B114-1F2DBF5076D9}.Release|x64.ActiveCfg = Release|Any CPU
		{40BE2DCE-CA92-49C2-B114-1F2DBF5076D9}.Release|x64.Build.0 = Release|Any CPU
		{40BE2DCE-CA92-49C2-B114-1F2DBF5076D9}.Release|x86.ActiveCfg = Release|Any CPU
		{40BE2DCE-CA92-49C2-B114-1F2DBF5076D9}.Release|x86.Build.0 = Release|Any CPU
		{B268E051-89EA-4B24-9BDC-9A09AA7F46B0}.Debug|Any CPU.ActiveCfg = Debug|Any CPU
		{B268E051-89EA-4B24-9BDC-9A09AA7F46B0}.Debug|Any CPU.Build.0 = Debug|Any CPU
		{B268E051-89EA-4B24-9BDC-9A09AA7F46B0}.Debug|x64.ActiveCfg = Debug|Any CPU
		{B268E051-89EA-4B24-9BDC-9A09AA7F46B0}.Debug|x64.Build.0 = Debug|Any CPU
		{B268E051-89EA-4B24-9BDC-9A09AA7F46B0}.Debug|x86.ActiveCfg = Debug|Any CPU
		{B268E051-89EA-4B24-9BDC-9A09AA7F46B0}.Debug|x86.Build.0 = Debug|Any CPU
		{B268E051-89EA-4B24-9BDC-9A09AA7F46B0}.Release|Any CPU.ActiveCfg = Release|Any CPU
		{B268E051-89EA-4B24-9BDC-9A09AA7F46B0}.Release|Any CPU.Build.0 = Release|Any CPU
		{B268E051-89EA-4B24-9BDC-9A09AA7F46B0}.Release|x64.ActiveCfg = Release|Any CPU
		{B268E051-89EA-4B24-9BDC-9A09AA7F46B0}.Release|x64.Build.0 = Release|Any CPU
		{B268E051-89EA-4B24-9BDC-9A09AA7F46B0}.Release|x86.ActiveCfg = Release|Any CPU
		{B268E051-89EA-4B24-9BDC-9A09AA7F46B0}.Release|x86.Build.0 = Release|Any CPU
		{40B046EB-53F7-4C95-8F39-1A5518493A53}.Debug|Any CPU.ActiveCfg = Debug|Any CPU
		{40B046EB-53F7-4C95-8F39-1A5518493A53}.Debug|Any CPU.Build.0 = Debug|Any CPU
		{40B046EB-53F7-4C95-8F39-1A5518493A53}.Debug|x64.ActiveCfg = Debug|Any CPU
		{40B046EB-53F7-4C95-8F39-1A5518493A53}.Debug|x64.Build.0 = Debug|Any CPU
		{40B046EB-53F7-4C95-8F39-1A5518493A53}.Debug|x86.ActiveCfg = Debug|Any CPU
		{40B046EB-53F7-4C95-8F39-1A5518493A53}.Debug|x86.Build.0 = Debug|Any CPU
		{40B046EB-53F7-4C95-8F39-1A5518493A53}.Release|Any CPU.ActiveCfg = Release|Any CPU
		{40B046EB-53F7-4C95-8F39-1A5518493A53}.Release|Any CPU.Build.0 = Release|Any CPU
		{40B046EB-53F7-4C95-8F39-1A5518493A53}.Release|x64.ActiveCfg = Release|Any CPU
		{40B046EB-53F7-4C95-8F39-1A5518493A53}.Release|x64.Build.0 = Release|Any CPU
		{40B046EB-53F7-4C95-8F39-1A5518493A53}.Release|x86.ActiveCfg = Release|Any CPU
		{40B046EB-53F7-4C95-8F39-1A5518493A53}.Release|x86.Build.0 = Release|Any CPU
		{217E6070-93F9-4BF7-B91B-BE4647E0BD97}.Debug|Any CPU.ActiveCfg = Debug|Any CPU
		{217E6070-93F9-4BF7-B91B-BE4647E0BD97}.Debug|Any CPU.Build.0 = Debug|Any CPU
		{217E6070-93F9-4BF7-B91B-BE4647E0BD97}.Debug|x64.ActiveCfg = Debug|Any CPU
		{217E6070-93F9-4BF7-B91B-BE4647E0BD97}.Debug|x64.Build.0 = Debug|Any CPU
		{217E6070-93F9-4BF7-B91B-BE4647E0BD97}.Debug|x86.ActiveCfg = Debug|Any CPU
		{217E6070-93F9-4BF7-B91B-BE4647E0BD97}.Debug|x86.Build.0 = Debug|Any CPU
		{217E6070-93F9-4BF7-B91B-BE4647E0BD97}.Release|Any CPU.ActiveCfg = Release|Any CPU
		{217E6070-93F9-4BF7-B91B-BE4647E0BD97}.Release|Any CPU.Build.0 = Release|Any CPU
		{217E6070-93F9-4BF7-B91B-BE4647E0BD97}.Release|x64.ActiveCfg = Release|Any CPU
		{217E6070-93F9-4BF7-B91B-BE4647E0BD97}.Release|x64.Build.0 = Release|Any CPU
		{217E6070-93F9-4BF7-B91B-BE4647E0BD97}.Release|x86.ActiveCfg = Release|Any CPU
		{217E6070-93F9-4BF7-B91B-BE4647E0BD97}.Release|x86.Build.0 = Release|Any CPU
		{D61F653C-C407-4761-9A15-2A1CC82476EF}.Debug|Any CPU.ActiveCfg = Debug|Any CPU
		{D61F653C-C407-4761-9A15-2A1CC82476EF}.Debug|Any CPU.Build.0 = Debug|Any CPU
		{D61F653C-C407-4761-9A15-2A1CC82476EF}.Debug|x64.ActiveCfg = Debug|Any CPU
		{D61F653C-C407-4761-9A15-2A1CC82476EF}.Debug|x64.Build.0 = Debug|Any CPU
		{D61F653C-C407-4761-9A15-2A1CC82476EF}.Debug|x86.ActiveCfg = Debug|Any CPU
		{D61F653C-C407-4761-9A15-2A1CC82476EF}.Debug|x86.Build.0 = Debug|Any CPU
		{D61F653C-C407-4761-9A15-2A1CC82476EF}.Release|Any CPU.ActiveCfg = Release|Any CPU
		{D61F653C-C407-4761-9A15-2A1CC82476EF}.Release|Any CPU.Build.0 = Release|Any CPU
		{D61F653C-C407-4761-9A15-2A1CC82476EF}.Release|x64.ActiveCfg = Release|Any CPU
		{D61F653C-C407-4761-9A15-2A1CC82476EF}.Release|x64.Build.0 = Release|Any CPU
		{D61F653C-C407-4761-9A15-2A1CC82476EF}.Release|x86.ActiveCfg = Release|Any CPU
		{D61F653C-C407-4761-9A15-2A1CC82476EF}.Release|x86.Build.0 = Release|Any CPU
	EndGlobalSection
	GlobalSection(SolutionProperties) = preSolution
		HideSolutionNode = FALSE
	EndGlobalSection
	GlobalSection(NestedProjects) = preSolution
		{E16E63EF-F3C5-4DCF-9B0B-E8EE4B11A1BE} = {827E0CD3-B72D-47B6-A68D-7590B98EB39B}
		{28D33DA1-C1D9-4611-AA25-65508DB19892} = {827E0CD3-B72D-47B6-A68D-7590B98EB39B}
		{F0F291AE-A700-45FC-9846-C264F4270347} = {827E0CD3-B72D-47B6-A68D-7590B98EB39B}
		{40BE2DCE-CA92-49C2-B114-1F2DBF5076D9} = {827E0CD3-B72D-47B6-A68D-7590B98EB39B}
		{8C6C5EC1-15BC-F097-EBC4-699D26B6A99A} = {827E0CD3-B72D-47B6-A68D-7590B98EB39B}
		{B268E051-89EA-4B24-9BDC-9A09AA7F46B0} = {8C6C5EC1-15BC-F097-EBC4-699D26B6A99A}
		{40B046EB-53F7-4C95-8F39-1A5518493A53} = {8C6C5EC1-15BC-F097-EBC4-699D26B6A99A}
		{217E6070-93F9-4BF7-B91B-BE4647E0BD97} = {827E0CD3-B72D-47B6-A68D-7590B98EB39B}
		{D61F653C-C407-4761-9A15-2A1CC82476EF} = {827E0CD3-B72D-47B6-A68D-7590B98EB39B}
	EndGlobalSection
EndGlobal
